{
  "name": "pm---challenge---2",
  "version": "1.0.0",
  "lockfileVersion": 3,
  "requires": true,
  "packages": {
    "": {
      "name": "pm---challenge---2",
      "version": "1.0.0",
      "license": "ISC",
      "engines": {
        "npm": ">= 9.2.0",
        "yarn": "please-use-NPM"
      }
    }
  }
}
